
Microsoft Visual Studio Solution File, Format Version 12.00
# Visual Studio Version 17
VisualStudioVersion = 17.11.35327.3
MinimumVisualStudioVersion = 10.0.40219.1
Project("{FAE04EC0-301F-11D3-BF4B-00C04F79EFBC}") = "Rahhal_System", "Rahhal_System\Rahhal_System.csproj", "{BD8CFF68-4A1D-4101-8BF8-D3AD508A8899}"
EndProject
Global
	GlobalSection(SolutionConfigurationPlatforms) = preSolution
		Debug|Any CPU = Debug|Any CPU
		Release|Any CPU = Release|Any CPU
	EndGlobalSection
	GlobalSection(ProjectConfigurationPlatforms) = postSolution
		{BD8CFF68-4A1D-4101-8BF8-D3AD508A8899}.Debug|Any CPU.ActiveCfg = Debug|Any CPU
		{BD8CFF68-4A1D-4101-8BF8-D3AD508A8899}.Debug|Any CPU.Build.0 = Debug|Any CPU
		{BD8CFF68-4A1D-4101-8BF8-D3AD508A8899}.Release|Any CPU.ActiveCfg = Release|Any CPU
		{BD8CFF68-4A1D-4101-8BF8-D3AD508A8899}.Release|Any CPU.Build.0 = Release|Any CPU
	EndGlobalSection
	GlobalSection(SolutionProperties) = preSolution
		HideSolutionNode = FALSE
	EndGlobalSection
	GlobalSection(ExtensibilityGlobals) = postSolution
		SolutionGuid = {6347C641-510D-441D-B204-A1777A29A5CF}
	EndGlobalSection
EndGlobal
